<?xml version="1.0" encoding="utf-8"?>
<Project ToolsVersion="12.0" xmlns="http://schemas.microsoft.com/developer/msbuild/2003">
  <ItemGroup>
    <ClCompile Include="D:\luxrender\luxrays\src\luxcore\luxcore.cpp">
      <Filter>Source Files</Filter>
    </ClCompile>
    <ClCompile Include="D:\luxrender\luxrays\src\luxcore\luxparser\luxparse.cpp">
      <Filter>Source Files</Filter>
    </ClCompile>
    <ClCompile Include="D:\luxrender\luxrays\src\luxcore\luxparser\luxlex.cpp">
      <Filter>Source Files</Filter>
    </ClCompile>
  </ItemGroup>
  <ItemGroup>
    <CustomBuild Include="..\..\CMakeFiles\4bdd528ad51fbbb4a8f15c7a82e66b19\luxparse.cpp.rule">
      <Filter>CMake Rules</Filter>
    </CustomBuild>
    <CustomBuild Include="..\..\CMakeFiles\4bdd528ad51fbbb4a8f15c7a82e66b19\luxlex.cpp.rule">
      <Filter>CMake Rules</Filter>
    </CustomBuild>
  </ItemGroup>
  <ItemGroup>
    <None Include="D:\luxrender\luxrays\src\luxcore\luxparser\luxparse.y" />
    <None Include="D:\luxrender\luxrays\src\luxcore\luxparser\luxlex.l" />
  </ItemGroup>
  <ItemGroup>
    <Filter Include="Source Files">
      <UniqueIdentifier>{E2572864-12E0-4EE7-9706-84FFABD4E307}</UniqueIdentifier>
    </Filter>
    <Filter Include="CMake Rules">
      <UniqueIdentifier>{1EE1988C-562D-4AF1-9C28-DC806D4437C4}</UniqueIdentifier>
    </Filter>
  </ItemGroup>
</Project>
