Microsoft Visual Studio Solution File, Format Version 12.00
# Visual Studio 2013
Project("{8BC9CEB8-8B4A-11D0-8D11-00A0C91BC942}") = "ALL_BUILD", "ALL_BUILD.vcxproj", "{9C0DE6E7-34BC-4DC3-B255-9A1C36D99AB1}"
	ProjectSection(ProjectDependencies) = postProject
		{2FDBF822-CE3C-4948-AFF2-A5DED6ACCA30} = {2FDBF822-CE3C-4948-AFF2-A5DED6ACCA30}
		{75CDBBA6-C48E-490F-A7AE-6E10F7EEBD4F} = {75CDBBA6-C48E-490F-A7AE-6E10F7EEBD4F}
		{E2E0C3A1-8705-4707-A255-0F599EE643CA} = {E2E0C3A1-8705-4707-A255-0F599EE643CA}
		{A791C056-5661-4908-8218-A0623E45292D} = {A791C056-5661-4908-8218-A0623E45292D}
		{61360E38-DFC5-4043-8F21-BB9553158B8A} = {61360E38-DFC5-4043-8F21-BB9553158B8A}
		{73A7B782-EDA6-45A7-BD70-534785011CFD} = {73A7B782-EDA6-45A7-BD70-534785011CFD}
		{1518620E-FAB5-4389-8274-FA91BCC14A6E} = {1518620E-FAB5-4389-8274-FA91BCC14A6E}
		{A619D6D1-47A8-4A55-AD2B-AD61941FED81} = {A619D6D1-47A8-4A55-AD2B-AD61941FED81}
		{8761CA6A-D590-484E-87B3-AACAE1265DC4} = {8761CA6A-D590-484E-87B3-AACAE1265DC4}
		{D95F7DF8-B3FB-4AFC-951A-D378E048AD5E} = {D95F7DF8-B3FB-4AFC-951A-D378E048AD5E}
		{AC5DCFC0-4DF5-4080-941B-A54428E66B9E} = {AC5DCFC0-4DF5-4080-941B-A54428E66B9E}
		{C50C5AA0-6F77-4F90-8C4A-E82BE0625E4C} = {C50C5AA0-6F77-4F90-8C4A-E82BE0625E4C}
	EndProjectSection
EndProject
Project("{8BC9CEB8-8B4A-11D0-8D11-00A0C91BC942}") = "benchsimple", "samples\benchsimple\benchsimple.vcxproj", "{2FDBF822-CE3C-4948-AFF2-A5DED6ACCA30}"
	ProjectSection(ProjectDependencies) = postProject
		{8761CA6A-D590-484E-87B3-AACAE1265DC4} = {8761CA6A-D590-484E-87B3-AACAE1265DC4}
	EndProjectSection
EndProject
Project("{8BC9CEB8-8B4A-11D0-8D11-00A0C91BC942}") = "glfw", "samples\luxcoreui\deps\glfw-3.1.1\src\glfw.vcxproj", "{75CDBBA6-C48E-490F-A7AE-6E10F7EEBD4F}"
	ProjectSection(ProjectDependencies) = postProject
	EndProjectSection
EndProject
Project("{8BC9CEB8-8B4A-11D0-8D11-00A0C91BC942}") = "luxcore", "src\luxcore\luxcore.vcxproj", "{E2E0C3A1-8705-4707-A255-0F599EE643CA}"
	ProjectSection(ProjectDependencies) = postProject
	EndProjectSection
EndProject
Project("{8BC9CEB8-8B4A-11D0-8D11-00A0C91BC942}") = "luxcoreconsole", "samples\luxcoreconsole\luxcoreconsole.vcxproj", "{A791C056-5661-4908-8218-A0623E45292D}"
	ProjectSection(ProjectDependencies) = postProject
		{E2E0C3A1-8705-4707-A255-0F599EE643CA} = {E2E0C3A1-8705-4707-A255-0F599EE643CA}
		{8761CA6A-D590-484E-87B3-AACAE1265DC4} = {8761CA6A-D590-484E-87B3-AACAE1265DC4}
		{C50C5AA0-6F77-4F90-8C4A-E82BE0625E4C} = {C50C5AA0-6F77-4F90-8C4A-E82BE0625E4C}
	EndProjectSection
EndProject
Project("{8BC9CEB8-8B4A-11D0-8D11-00A0C91BC942}") = "luxcoredemo", "samples\luxcoredemo\luxcoredemo.vcxproj", "{61360E38-DFC5-4043-8F21-BB9553158B8A}"
	ProjectSection(ProjectDependencies) = postProject
		{E2E0C3A1-8705-4707-A255-0F599EE643CA} = {E2E0C3A1-8705-4707-A255-0F599EE643CA}
		{8761CA6A-D590-484E-87B3-AACAE1265DC4} = {8761CA6A-D590-484E-87B3-AACAE1265DC4}
		{C50C5AA0-6F77-4F90-8C4A-E82BE0625E4C} = {C50C5AA0-6F77-4F90-8C4A-E82BE0625E4C}
	EndProjectSection
EndProject
Project("{8BC9CEB8-8B4A-11D0-8D11-00A0C91BC942}") = "luxcoreimplserializationdemo", "samples\luxcoreimplserializationdemo\luxcoreimplserializationdemo.vcxproj", "{73A7B782-EDA6-45A7-BD70-534785011CFD}"
	ProjectSection(ProjectDependencies) = postProject
		{E2E0C3A1-8705-4707-A255-0F599EE643CA} = {E2E0C3A1-8705-4707-A255-0F599EE643CA}
		{8761CA6A-D590-484E-87B3-AACAE1265DC4} = {8761CA6A-D590-484E-87B3-AACAE1265DC4}
		{C50C5AA0-6F77-4F90-8C4A-E82BE0625E4C} = {C50C5AA0-6F77-4F90-8C4A-E82BE0625E4C}
	EndProjectSection
EndProject
Project("{8BC9CEB8-8B4A-11D0-8D11-00A0C91BC942}") = "luxcorescenedemo", "samples\luxcorescenedemo\luxcorescenedemo.vcxproj", "{1518620E-FAB5-4389-8274-FA91BCC14A6E}"
	ProjectSection(ProjectDependencies) = postProject
		{E2E0C3A1-8705-4707-A255-0F599EE643CA} = {E2E0C3A1-8705-4707-A255-0F599EE643CA}
		{8761CA6A-D590-484E-87B3-AACAE1265DC4} = {8761CA6A-D590-484E-87B3-AACAE1265DC4}
		{C50C5AA0-6F77-4F90-8C4A-E82BE0625E4C} = {C50C5AA0-6F77-4F90-8C4A-E82BE0625E4C}
	EndProjectSection
EndProject
Project("{8BC9CEB8-8B4A-11D0-8D11-00A0C91BC942}") = "luxcoreui", "samples\luxcoreui\luxcoreui.vcxproj", "{A619D6D1-47A8-4A55-AD2B-AD61941FED81}"
	ProjectSection(ProjectDependencies) = postProject
		{75CDBBA6-C48E-490F-A7AE-6E10F7EEBD4F} = {75CDBBA6-C48E-490F-A7AE-6E10F7EEBD4F}
		{E2E0C3A1-8705-4707-A255-0F599EE643CA} = {E2E0C3A1-8705-4707-A255-0F599EE643CA}
		{8761CA6A-D590-484E-87B3-AACAE1265DC4} = {8761CA6A-D590-484E-87B3-AACAE1265DC4}
		{C50C5AA0-6F77-4F90-8C4A-E82BE0625E4C} = {C50C5AA0-6F77-4F90-8C4A-E82BE0625E4C}
	EndProjectSection
EndProject
Project("{8BC9CEB8-8B4A-11D0-8D11-00A0C91BC942}") = "luxrays", "src\luxrays\luxrays.vcxproj", "{8761CA6A-D590-484E-87B3-AACAE1265DC4}"
	ProjectSection(ProjectDependencies) = postProject
	EndProjectSection
EndProject
Project("{8BC9CEB8-8B4A-11D0-8D11-00A0C91BC942}") = "pyluxcore", "src\luxcore\pyluxcore.vcxproj", "{D95F7DF8-B3FB-4AFC-951A-D378E048AD5E}"
	ProjectSection(ProjectDependencies) = postProject
		{E2E0C3A1-8705-4707-A255-0F599EE643CA} = {E2E0C3A1-8705-4707-A255-0F599EE643CA}
		{8761CA6A-D590-484E-87B3-AACAE1265DC4} = {8761CA6A-D590-484E-87B3-AACAE1265DC4}
		{C50C5AA0-6F77-4F90-8C4A-E82BE0625E4C} = {C50C5AA0-6F77-4F90-8C4A-E82BE0625E4C}
	EndProjectSection
EndProject
Project("{8BC9CEB8-8B4A-11D0-8D11-00A0C91BC942}") = "slg4", "samples\smallluxgpu4\slg4.vcxproj", "{AC5DCFC0-4DF5-4080-941B-A54428E66B9E}"
	ProjectSection(ProjectDependencies) = postProject
		{E2E0C3A1-8705-4707-A255-0F599EE643CA} = {E2E0C3A1-8705-4707-A255-0F599EE643CA}
		{8761CA6A-D590-484E-87B3-AACAE1265DC4} = {8761CA6A-D590-484E-87B3-AACAE1265DC4}
		{C50C5AA0-6F77-4F90-8C4A-E82BE0625E4C} = {C50C5AA0-6F77-4F90-8C4A-E82BE0625E4C}
	EndProjectSection
EndProject
Project("{8BC9CEB8-8B4A-11D0-8D11-00A0C91BC942}") = "smallluxgpu", "src\slg\smallluxgpu.vcxproj", "{C50C5AA0-6F77-4F90-8C4A-E82BE0625E4C}"
	ProjectSection(ProjectDependencies) = postProject
	EndProjectSection
EndProject
Project("{2150E333-8FDC-42A3-9474-1A3956D46DE8}") = "GLFW3", "GLFW3", "{E865D766-16B9-4994-86AC-68DB6BFEA245}"
EndProject
Global
	GlobalSection(SolutionConfigurationPlatforms) = preSolution
		Debug|x64 = Debug|x64
		Release|x64 = Release|x64
		MinSizeRel|x64 = MinSizeRel|x64
		RelWithDebInfo|x64 = RelWithDebInfo|x64
	EndGlobalSection
	GlobalSection(ProjectConfigurationPlatforms) = postSolution
		{9C0DE6E7-34BC-4DC3-B255-9A1C36D99AB1}.Debug|x64.ActiveCfg = Debug|x64
		{9C0DE6E7-34BC-4DC3-B255-9A1C36D99AB1}.Release|x64.ActiveCfg = Release|x64
		{9C0DE6E7-34BC-4DC3-B255-9A1C36D99AB1}.MinSizeRel|x64.ActiveCfg = MinSizeRel|x64
		{9C0DE6E7-34BC-4DC3-B255-9A1C36D99AB1}.RelWithDebInfo|x64.ActiveCfg = RelWithDebInfo|x64
		{2FDBF822-CE3C-4948-AFF2-A5DED6ACCA30}.Debug|x64.ActiveCfg = Debug|x64
		{2FDBF822-CE3C-4948-AFF2-A5DED6ACCA30}.Debug|x64.Build.0 = Debug|x64
		{2FDBF822-CE3C-4948-AFF2-A5DED6ACCA30}.Release|x64.ActiveCfg = Release|x64
		{2FDBF822-CE3C-4948-AFF2-A5DED6ACCA30}.Release|x64.Build.0 = Release|x64
		{2FDBF822-CE3C-4948-AFF2-A5DED6ACCA30}.MinSizeRel|x64.ActiveCfg = MinSizeRel|x64
		{2FDBF822-CE3C-4948-AFF2-A5DED6ACCA30}.MinSizeRel|x64.Build.0 = MinSizeRel|x64
		{2FDBF822-CE3C-4948-AFF2-A5DED6ACCA30}.RelWithDebInfo|x64.ActiveCfg = RelWithDebInfo|x64
		{2FDBF822-CE3C-4948-AFF2-A5DED6ACCA30}.RelWithDebInfo|x64.Build.0 = RelWithDebInfo|x64
		{75CDBBA6-C48E-490F-A7AE-6E10F7EEBD4F}.Debug|x64.ActiveCfg = Debug|x64
		{75CDBBA6-C48E-490F-A7AE-6E10F7EEBD4F}.Debug|x64.Build.0 = Debug|x64
		{75CDBBA6-C48E-490F-A7AE-6E10F7EEBD4F}.Release|x64.ActiveCfg = Release|x64
		{75CDBBA6-C48E-490F-A7AE-6E10F7EEBD4F}.Release|x64.Build.0 = Release|x64
		{75CDBBA6-C48E-490F-A7AE-6E10F7EEBD4F}.MinSizeRel|x64.ActiveCfg = MinSizeRel|x64
		{75CDBBA6-C48E-490F-A7AE-6E10F7EEBD4F}.MinSizeRel|x64.Build.0 = MinSizeRel|x64
		{75CDBBA6-C48E-490F-A7AE-6E10F7EEBD4F}.RelWithDebInfo|x64.ActiveCfg = RelWithDebInfo|x64
		{75CDBBA6-C48E-490F-A7AE-6E10F7EEBD4F}.RelWithDebInfo|x64.Build.0 = RelWithDebInfo|x64
		{E2E0C3A1-8705-4707-A255-0F599EE643CA}.Debug|x64.ActiveCfg = Debug|x64
		{E2E0C3A1-8705-4707-A255-0F599EE643CA}.Debug|x64.Build.0 = Debug|x64
		{E2E0C3A1-8705-4707-A255-0F599EE643CA}.Release|x64.ActiveCfg = Release|x64
		{E2E0C3A1-8705-4707-A255-0F599EE643CA}.Release|x64.Build.0 = Release|x64
		{E2E0C3A1-8705-4707-A255-0F599EE643CA}.MinSizeRel|x64.ActiveCfg = MinSizeRel|x64
		{E2E0C3A1-8705-4707-A255-0F599EE643CA}.MinSizeRel|x64.Build.0 = MinSizeRel|x64
		{E2E0C3A1-8705-4707-A255-0F599EE643CA}.RelWithDebInfo|x64.ActiveCfg = RelWithDebInfo|x64
		{E2E0C3A1-8705-4707-A255-0F599EE643CA}.RelWithDebInfo|x64.Build.0 = RelWithDebInfo|x64
		{A791C056-5661-4908-8218-A0623E45292D}.Debug|x64.ActiveCfg = Debug|x64
		{A791C056-5661-4908-8218-A0623E45292D}.Debug|x64.Build.0 = Debug|x64
		{A791C056-5661-4908-8218-A0623E45292D}.Release|x64.ActiveCfg = Release|x64
		{A791C056-5661-4908-8218-A0623E45292D}.Release|x64.Build.0 = Release|x64
		{A791C056-5661-4908-8218-A0623E45292D}.MinSizeRel|x64.ActiveCfg = MinSizeRel|x64
		{A791C056-5661-4908-8218-A0623E45292D}.MinSizeRel|x64.Build.0 = MinSizeRel|x64
		{A791C056-5661-4908-8218-A0623E45292D}.RelWithDebInfo|x64.ActiveCfg = RelWithDebInfo|x64
		{A791C056-5661-4908-8218-A0623E45292D}.RelWithDebInfo|x64.Build.0 = RelWithDebInfo|x64
		{61360E38-DFC5-4043-8F21-BB9553158B8A}.Debug|x64.ActiveCfg = Debug|x64
		{61360E38-DFC5-4043-8F21-BB9553158B8A}.Debug|x64.Build.0 = Debug|x64
		{61360E38-DFC5-4043-8F21-BB9553158B8A}.Release|x64.ActiveCfg = Release|x64
		{61360E38-DFC5-4043-8F21-BB9553158B8A}.Release|x64.Build.0 = Release|x64
		{61360E38-DFC5-4043-8F21-BB9553158B8A}.MinSizeRel|x64.ActiveCfg = MinSizeRel|x64
		{61360E38-DFC5-4043-8F21-BB9553158B8A}.MinSizeRel|x64.Build.0 = MinSizeRel|x64
		{61360E38-DFC5-4043-8F21-BB9553158B8A}.RelWithDebInfo|x64.ActiveCfg = RelWithDebInfo|x64
		{61360E38-DFC5-4043-8F21-BB9553158B8A}.RelWithDebInfo|x64.Build.0 = RelWithDebInfo|x64
		{73A7B782-EDA6-45A7-BD70-534785011CFD}.Debug|x64.ActiveCfg = Debug|x64
		{73A7B782-EDA6-45A7-BD70-534785011CFD}.Debug|x64.Build.0 = Debug|x64
		{73A7B782-EDA6-45A7-BD70-534785011CFD}.Release|x64.ActiveCfg = Release|x64
		{73A7B782-EDA6-45A7-BD70-534785011CFD}.Release|x64.Build.0 = Release|x64
		{73A7B782-EDA6-45A7-BD70-534785011CFD}.MinSizeRel|x64.ActiveCfg = MinSizeRel|x64
		{73A7B782-EDA6-45A7-BD70-534785011CFD}.MinSizeRel|x64.Build.0 = MinSizeRel|x64
		{73A7B782-EDA6-45A7-BD70-534785011CFD}.RelWithDebInfo|x64.ActiveCfg = RelWithDebInfo|x64
		{73A7B782-EDA6-45A7-BD70-534785011CFD}.RelWithDebInfo|x64.Build.0 = RelWithDebInfo|x64
		{1518620E-FAB5-4389-8274-FA91BCC14A6E}.Debug|x64.ActiveCfg = Debug|x64
		{1518620E-FAB5-4389-8274-FA91BCC14A6E}.Debug|x64.Build.0 = Debug|x64
		{1518620E-FAB5-4389-8274-FA91BCC14A6E}.Release|x64.ActiveCfg = Release|x64
		{1518620E-FAB5-4389-8274-FA91BCC14A6E}.Release|x64.Build.0 = Release|x64
		{1518620E-FAB5-4389-8274-FA91BCC14A6E}.MinSizeRel|x64.ActiveCfg = MinSizeRel|x64
		{1518620E-FAB5-4389-8274-FA91BCC14A6E}.MinSizeRel|x64.Build.0 = MinSizeRel|x64
		{1518620E-FAB5-4389-8274-FA91BCC14A6E}.RelWithDebInfo|x64.ActiveCfg = RelWithDebInfo|x64
		{1518620E-FAB5-4389-8274-FA91BCC14A6E}.RelWithDebInfo|x64.Build.0 = RelWithDebInfo|x64
		{A619D6D1-47A8-4A55-AD2B-AD61941FED81}.Debug|x64.ActiveCfg = Debug|x64
		{A619D6D1-47A8-4A55-AD2B-AD61941FED81}.Debug|x64.Build.0 = Debug|x64
		{A619D6D1-47A8-4A55-AD2B-AD61941FED81}.Release|x64.ActiveCfg = Release|x64
		{A619D6D1-47A8-4A55-AD2B-AD61941FED81}.Release|x64.Build.0 = Release|x64
		{A619D6D1-47A8-4A55-AD2B-AD61941FED81}.MinSizeRel|x64.ActiveCfg = MinSizeRel|x64
		{A619D6D1-47A8-4A55-AD2B-AD61941FED81}.MinSizeRel|x64.Build.0 = MinSizeRel|x64
		{A619D6D1-47A8-4A55-AD2B-AD61941FED81}.RelWithDebInfo|x64.ActiveCfg = RelWithDebInfo|x64
		{A619D6D1-47A8-4A55-AD2B-AD61941FED81}.RelWithDebInfo|x64.Build.0 = RelWithDebInfo|x64
		{8761CA6A-D590-484E-87B3-AACAE1265DC4}.Debug|x64.ActiveCfg = Debug|x64
		{8761CA6A-D590-484E-87B3-AACAE1265DC4}.Debug|x64.Build.0 = Debug|x64
		{8761CA6A-D590-484E-87B3-AACAE1265DC4}.Release|x64.ActiveCfg = Release|x64
		{8761CA6A-D590-484E-87B3-AACAE1265DC4}.Release|x64.Build.0 = Release|x64
		{8761CA6A-D590-484E-87B3-AACAE1265DC4}.MinSizeRel|x64.ActiveCfg = MinSizeRel|x64
		{8761CA6A-D590-484E-87B3-AACAE1265DC4}.MinSizeRel|x64.Build.0 = MinSizeRel|x64
		{8761CA6A-D590-484E-87B3-AACAE1265DC4}.RelWithDebInfo|x64.ActiveCfg = RelWithDebInfo|x64
		{8761CA6A-D590-484E-87B3-AACAE1265DC4}.RelWithDebInfo|x64.Build.0 = RelWithDebInfo|x64
		{D95F7DF8-B3FB-4AFC-951A-D378E048AD5E}.Debug|x64.ActiveCfg = Debug|x64
		{D95F7DF8-B3FB-4AFC-951A-D378E048AD5E}.Debug|x64.Build.0 = Debug|x64
		{D95F7DF8-B3FB-4AFC-951A-D378E048AD5E}.Release|x64.ActiveCfg = Release|x64
		{D95F7DF8-B3FB-4AFC-951A-D378E048AD5E}.Release|x64.Build.0 = Release|x64
		{D95F7DF8-B3FB-4AFC-951A-D378E048AD5E}.MinSizeRel|x64.ActiveCfg = MinSizeRel|x64
		{D95F7DF8-B3FB-4AFC-951A-D378E048AD5E}.MinSizeRel|x64.Build.0 = MinSizeRel|x64
		{D95F7DF8-B3FB-4AFC-951A-D378E048AD5E}.RelWithDebInfo|x64.ActiveCfg = RelWithDebInfo|x64
		{D95F7DF8-B3FB-4AFC-951A-D378E048AD5E}.RelWithDebInfo|x64.Build.0 = RelWithDebInfo|x64
		{AC5DCFC0-4DF5-4080-941B-A54428E66B9E}.Debug|x64.ActiveCfg = Debug|x64
		{AC5DCFC0-4DF5-4080-941B-A54428E66B9E}.Debug|x64.Build.0 = Debug|x64
		{AC5DCFC0-4DF5-4080-941B-A54428E66B9E}.Release|x64.ActiveCfg = Release|x64
		{AC5DCFC0-4DF5-4080-941B-A54428E66B9E}.Release|x64.Build.0 = Release|x64
		{AC5DCFC0-4DF5-4080-941B-A54428E66B9E}.MinSizeRel|x64.ActiveCfg = MinSizeRel|x64
		{AC5DCFC0-4DF5-4080-941B-A54428E66B9E}.MinSizeRel|x64.Build.0 = MinSizeRel|x64
		{AC5DCFC0-4DF5-4080-941B-A54428E66B9E}.RelWithDebInfo|x64.ActiveCfg = RelWithDebInfo|x64
		{AC5DCFC0-4DF5-4080-941B-A54428E66B9E}.RelWithDebInfo|x64.Build.0 = RelWithDebInfo|x64
		{C50C5AA0-6F77-4F90-8C4A-E82BE0625E4C}.Debug|x64.ActiveCfg = Debug|x64
		{C50C5AA0-6F77-4F90-8C4A-E82BE0625E4C}.Debug|x64.Build.0 = Debug|x64
		{C50C5AA0-6F77-4F90-8C4A-E82BE0625E4C}.Release|x64.ActiveCfg = Release|x64
		{C50C5AA0-6F77-4F90-8C4A-E82BE0625E4C}.Release|x64.Build.0 = Release|x64
		{C50C5AA0-6F77-4F90-8C4A-E82BE0625E4C}.MinSizeRel|x64.ActiveCfg = MinSizeRel|x64
		{C50C5AA0-6F77-4F90-8C4A-E82BE0625E4C}.MinSizeRel|x64.Build.0 = MinSizeRel|x64
		{C50C5AA0-6F77-4F90-8C4A-E82BE0625E4C}.RelWithDebInfo|x64.ActiveCfg = RelWithDebInfo|x64
		{C50C5AA0-6F77-4F90-8C4A-E82BE0625E4C}.RelWithDebInfo|x64.Build.0 = RelWithDebInfo|x64
	EndGlobalSection
	GlobalSection(NestedProjects) = preSolution
		{75CDBBA6-C48E-490F-A7AE-6E10F7EEBD4F} = {E865D766-16B9-4994-86AC-68DB6BFEA245}
	EndGlobalSection
	GlobalSection(ExtensibilityGlobals) = postSolution
	EndGlobalSection
	GlobalSection(ExtensibilityAddIns) = postSolution
	EndGlobalSection
EndGlobal
