Microsoft Visual Studio Solution File, Format Version 12.00
# Visual Studio 2013
Project("{8BC9CEB8-8B4A-11D0-8D11-00A0C91BC942}") = "ALL_BUILD", "ALL_BUILD.vcxproj", "{A9EFDC95-4AA9-4377-A57D-D5A92EDBAD9E}"
	ProjectSection(ProjectDependencies) = postProject
		{7769438E-021C-4169-8B0E-10415F23E583} = {7769438E-021C-4169-8B0E-10415F23E583}
		{3D226DEC-9659-425E-825C-AD7E7CE73476} = {3D226DEC-9659-425E-825C-AD7E7CE73476}
		{E5C5EB78-8434-4D4F-A3B7-5E5E54EE65ED} = {E5C5EB78-8434-4D4F-A3B7-5E5E54EE65ED}
		{5BF5FA3B-DFFB-4021-A694-D22398D9DDF1} = {5BF5FA3B-DFFB-4021-A694-D22398D9DDF1}
		{197B3E4C-7BC4-49FF-A91C-D61A9FA8AE2E} = {197B3E4C-7BC4-49FF-A91C-D61A9FA8AE2E}
		{67B5C7DB-DBA7-42F1-A30D-6412DD98A269} = {67B5C7DB-DBA7-42F1-A30D-6412DD98A269}
		{8951F206-D20C-476F-AE1E-A68BA7CAFB8C} = {8951F206-D20C-476F-AE1E-A68BA7CAFB8C}
	EndProjectSection
EndProject
Project("{8BC9CEB8-8B4A-11D0-8D11-00A0C91BC942}") = "luxShared", "luxShared.vcxproj", "{7769438E-021C-4169-8B0E-10415F23E583}"
	ProjectSection(ProjectDependencies) = postProject
	EndProjectSection
EndProject
Project("{8BC9CEB8-8B4A-11D0-8D11-00A0C91BC942}") = "luxcomp", "luxcomp.vcxproj", "{3D226DEC-9659-425E-825C-AD7E7CE73476}"
	ProjectSection(ProjectDependencies) = postProject
		{7769438E-021C-4169-8B0E-10415F23E583} = {7769438E-021C-4169-8B0E-10415F23E583}
	EndProjectSection
EndProject
Project("{8BC9CEB8-8B4A-11D0-8D11-00A0C91BC942}") = "luxconsole", "luxconsole.vcxproj", "{E5C5EB78-8434-4D4F-A3B7-5E5E54EE65ED}"
	ProjectSection(ProjectDependencies) = postProject
		{7769438E-021C-4169-8B0E-10415F23E583} = {7769438E-021C-4169-8B0E-10415F23E583}
	EndProjectSection
EndProject
Project("{8BC9CEB8-8B4A-11D0-8D11-00A0C91BC942}") = "luxmerger", "luxmerger.vcxproj", "{5BF5FA3B-DFFB-4021-A694-D22398D9DDF1}"
	ProjectSection(ProjectDependencies) = postProject
		{7769438E-021C-4169-8B0E-10415F23E583} = {7769438E-021C-4169-8B0E-10415F23E583}
	EndProjectSection
EndProject
Project("{8BC9CEB8-8B4A-11D0-8D11-00A0C91BC942}") = "luxrender", "luxrender.vcxproj", "{197B3E4C-7BC4-49FF-A91C-D61A9FA8AE2E}"
	ProjectSection(ProjectDependencies) = postProject
		{7769438E-021C-4169-8B0E-10415F23E583} = {7769438E-021C-4169-8B0E-10415F23E583}
	EndProjectSection
EndProject
Project("{8BC9CEB8-8B4A-11D0-8D11-00A0C91BC942}") = "luxvr", "luxvr.vcxproj", "{67B5C7DB-DBA7-42F1-A30D-6412DD98A269}"
	ProjectSection(ProjectDependencies) = postProject
		{7769438E-021C-4169-8B0E-10415F23E583} = {7769438E-021C-4169-8B0E-10415F23E583}
	EndProjectSection
EndProject
Project("{8BC9CEB8-8B4A-11D0-8D11-00A0C91BC942}") = "pylux", "pylux.vcxproj", "{8951F206-D20C-476F-AE1E-A68BA7CAFB8C}"
	ProjectSection(ProjectDependencies) = postProject
		{7769438E-021C-4169-8B0E-10415F23E583} = {7769438E-021C-4169-8B0E-10415F23E583}
	EndProjectSection
EndProject
Global
	GlobalSection(SolutionConfigurationPlatforms) = preSolution
		Debug|x64 = Debug|x64
		Release|x64 = Release|x64
		MinSizeRel|x64 = MinSizeRel|x64
		RelWithDebInfo|x64 = RelWithDebInfo|x64
	EndGlobalSection
	GlobalSection(ProjectConfigurationPlatforms) = postSolution
		{A9EFDC95-4AA9-4377-A57D-D5A92EDBAD9E}.Debug|x64.ActiveCfg = Debug|x64
		{A9EFDC95-4AA9-4377-A57D-D5A92EDBAD9E}.Release|x64.ActiveCfg = Release|x64
		{A9EFDC95-4AA9-4377-A57D-D5A92EDBAD9E}.MinSizeRel|x64.ActiveCfg = MinSizeRel|x64
		{A9EFDC95-4AA9-4377-A57D-D5A92EDBAD9E}.RelWithDebInfo|x64.ActiveCfg = RelWithDebInfo|x64
		{7769438E-021C-4169-8B0E-10415F23E583}.Debug|x64.ActiveCfg = Debug|x64
		{7769438E-021C-4169-8B0E-10415F23E583}.Debug|x64.Build.0 = Debug|x64
		{7769438E-021C-4169-8B0E-10415F23E583}.Release|x64.ActiveCfg = Release|x64
		{7769438E-021C-4169-8B0E-10415F23E583}.Release|x64.Build.0 = Release|x64
		{7769438E-021C-4169-8B0E-10415F23E583}.MinSizeRel|x64.ActiveCfg = MinSizeRel|x64
		{7769438E-021C-4169-8B0E-10415F23E583}.MinSizeRel|x64.Build.0 = MinSizeRel|x64
		{7769438E-021C-4169-8B0E-10415F23E583}.RelWithDebInfo|x64.ActiveCfg = RelWithDebInfo|x64
		{7769438E-021C-4169-8B0E-10415F23E583}.RelWithDebInfo|x64.Build.0 = RelWithDebInfo|x64
		{3D226DEC-9659-425E-825C-AD7E7CE73476}.Debug|x64.ActiveCfg = Debug|x64
		{3D226DEC-9659-425E-825C-AD7E7CE73476}.Debug|x64.Build.0 = Debug|x64
		{3D226DEC-9659-425E-825C-AD7E7CE73476}.Release|x64.ActiveCfg = Release|x64
		{3D226DEC-9659-425E-825C-AD7E7CE73476}.Release|x64.Build.0 = Release|x64
		{3D226DEC-9659-425E-825C-AD7E7CE73476}.MinSizeRel|x64.ActiveCfg = MinSizeRel|x64
		{3D226DEC-9659-425E-825C-AD7E7CE73476}.MinSizeRel|x64.Build.0 = MinSizeRel|x64
		{3D226DEC-9659-425E-825C-AD7E7CE73476}.RelWithDebInfo|x64.ActiveCfg = RelWithDebInfo|x64
		{3D226DEC-9659-425E-825C-AD7E7CE73476}.RelWithDebInfo|x64.Build.0 = RelWithDebInfo|x64
		{E5C5EB78-8434-4D4F-A3B7-5E5E54EE65ED}.Debug|x64.ActiveCfg = Debug|x64
		{E5C5EB78-8434-4D4F-A3B7-5E5E54EE65ED}.Debug|x64.Build.0 = Debug|x64
		{E5C5EB78-8434-4D4F-A3B7-5E5E54EE65ED}.Release|x64.ActiveCfg = Release|x64
		{E5C5EB78-8434-4D4F-A3B7-5E5E54EE65ED}.Release|x64.Build.0 = Release|x64
		{E5C5EB78-8434-4D4F-A3B7-5E5E54EE65ED}.MinSizeRel|x64.ActiveCfg = MinSizeRel|x64
		{E5C5EB78-8434-4D4F-A3B7-5E5E54EE65ED}.MinSizeRel|x64.Build.0 = MinSizeRel|x64
		{E5C5EB78-8434-4D4F-A3B7-5E5E54EE65ED}.RelWithDebInfo|x64.ActiveCfg = RelWithDebInfo|x64
		{E5C5EB78-8434-4D4F-A3B7-5E5E54EE65ED}.RelWithDebInfo|x64.Build.0 = RelWithDebInfo|x64
		{5BF5FA3B-DFFB-4021-A694-D22398D9DDF1}.Debug|x64.ActiveCfg = Debug|x64
		{5BF5FA3B-DFFB-4021-A694-D22398D9DDF1}.Debug|x64.Build.0 = Debug|x64
		{5BF5FA3B-DFFB-4021-A694-D22398D9DDF1}.Release|x64.ActiveCfg = Release|x64
		{5BF5FA3B-DFFB-4021-A694-D22398D9DDF1}.Release|x64.Build.0 = Release|x64
		{5BF5FA3B-DFFB-4021-A694-D22398D9DDF1}.MinSizeRel|x64.ActiveCfg = MinSizeRel|x64
		{5BF5FA3B-DFFB-4021-A694-D22398D9DDF1}.MinSizeRel|x64.Build.0 = MinSizeRel|x64
		{5BF5FA3B-DFFB-4021-A694-D22398D9DDF1}.RelWithDebInfo|x64.ActiveCfg = RelWithDebInfo|x64
		{5BF5FA3B-DFFB-4021-A694-D22398D9DDF1}.RelWithDebInfo|x64.Build.0 = RelWithDebInfo|x64
		{197B3E4C-7BC4-49FF-A91C-D61A9FA8AE2E}.Debug|x64.ActiveCfg = Debug|x64
		{197B3E4C-7BC4-49FF-A91C-D61A9FA8AE2E}.Debug|x64.Build.0 = Debug|x64
		{197B3E4C-7BC4-49FF-A91C-D61A9FA8AE2E}.Release|x64.ActiveCfg = Release|x64
		{197B3E4C-7BC4-49FF-A91C-D61A9FA8AE2E}.Release|x64.Build.0 = Release|x64
		{197B3E4C-7BC4-49FF-A91C-D61A9FA8AE2E}.MinSizeRel|x64.ActiveCfg = MinSizeRel|x64
		{197B3E4C-7BC4-49FF-A91C-D61A9FA8AE2E}.MinSizeRel|x64.Build.0 = MinSizeRel|x64
		{197B3E4C-7BC4-49FF-A91C-D61A9FA8AE2E}.RelWithDebInfo|x64.ActiveCfg = RelWithDebInfo|x64
		{197B3E4C-7BC4-49FF-A91C-D61A9FA8AE2E}.RelWithDebInfo|x64.Build.0 = RelWithDebInfo|x64
		{67B5C7DB-DBA7-42F1-A30D-6412DD98A269}.Debug|x64.ActiveCfg = Debug|x64
		{67B5C7DB-DBA7-42F1-A30D-6412DD98A269}.Debug|x64.Build.0 = Debug|x64
		{67B5C7DB-DBA7-42F1-A30D-6412DD98A269}.Release|x64.ActiveCfg = Release|x64
		{67B5C7DB-DBA7-42F1-A30D-6412DD98A269}.Release|x64.Build.0 = Release|x64
		{67B5C7DB-DBA7-42F1-A30D-6412DD98A269}.MinSizeRel|x64.ActiveCfg = MinSizeRel|x64
		{67B5C7DB-DBA7-42F1-A30D-6412DD98A269}.MinSizeRel|x64.Build.0 = MinSizeRel|x64
		{67B5C7DB-DBA7-42F1-A30D-6412DD98A269}.RelWithDebInfo|x64.ActiveCfg = RelWithDebInfo|x64
		{67B5C7DB-DBA7-42F1-A30D-6412DD98A269}.RelWithDebInfo|x64.Build.0 = RelWithDebInfo|x64
		{8951F206-D20C-476F-AE1E-A68BA7CAFB8C}.Debug|x64.ActiveCfg = Debug|x64
		{8951F206-D20C-476F-AE1E-A68BA7CAFB8C}.Debug|x64.Build.0 = Debug|x64
		{8951F206-D20C-476F-AE1E-A68BA7CAFB8C}.Release|x64.ActiveCfg = Release|x64
		{8951F206-D20C-476F-AE1E-A68BA7CAFB8C}.Release|x64.Build.0 = Release|x64
		{8951F206-D20C-476F-AE1E-A68BA7CAFB8C}.MinSizeRel|x64.ActiveCfg = MinSizeRel|x64
		{8951F206-D20C-476F-AE1E-A68BA7CAFB8C}.MinSizeRel|x64.Build.0 = MinSizeRel|x64
		{8951F206-D20C-476F-AE1E-A68BA7CAFB8C}.RelWithDebInfo|x64.ActiveCfg = RelWithDebInfo|x64
		{8951F206-D20C-476F-AE1E-A68BA7CAFB8C}.RelWithDebInfo|x64.Build.0 = RelWithDebInfo|x64
	EndGlobalSection
	GlobalSection(ExtensibilityGlobals) = postSolution
	EndGlobalSection
	GlobalSection(ExtensibilityAddIns) = postSolution
	EndGlobalSection
EndGlobal
